
Microsoft Visual Studio Solution File, Format Version 12.00
# Visual Studio Version 17
VisualStudioVersion = 17.4.33213.308
MinimumVisualStudioVersion = 10.0.40219.1
Project("{FAE04EC0-301F-11D3-BF4B-00C04F79EFBC}") = "WebApi", "WebApi\WebApi.csproj", "{6051ED73-642A-4260-9079-A0DD4EA26815}"
EndProject
Global
	GlobalSection(SolutionConfigurationPlatforms) = preSolution
		Debug|Any CPU = Debug|Any CPU
		Release|Any CPU = Release|Any CPU
	EndGlobalSection
	GlobalSection(ProjectConfigurationPlatforms) = postSolution
		{6051ED73-642A-4260-9079-A0DD4EA26815}.Debug|Any CPU.ActiveCfg = Debug|Any CPU
		{6051ED73-642A-4260-9079-A0DD4EA26815}.Debug|Any CPU.Build.0 = Debug|Any CPU
		{6051ED73-642A-4260-9079-A0DD4EA26815}.Release|Any CPU.ActiveCfg = Release|Any CPU
		{6051ED73-642A-4260-9079-A0DD4EA26815}.Release|Any CPU.Build.0 = Release|Any CPU
	EndGlobalSection
	GlobalSection(SolutionProperties) = preSolution
		HideSolutionNode = FALSE
	EndGlobalSection
	GlobalSection(ExtensibilityGlobals) = postSolution
		SolutionGuid = {93F76350-FD8F-4C02-8E58-D62B3FBE45F6}
	EndGlobalSection
EndGlobal
